
Microsoft Visual Studio Solution File, Format Version 12.00
# Visual Studio 15
VisualStudioVersion = 15.0.26730.16
MinimumVisualStudioVersion = 10.0.40219.1
Project("{2150E333-8FDC-42A3-9474-1A3956D46DE8}") = "src", "src", "{FC9BAFCA-F5CD-4679-A983-A40C8F028812}"
EndProject
Project("{2150E333-8FDC-42A3-9474-1A3956D46DE8}") = "test", "test", "{EC112844-927D-4AE6-95AF-99CB853E8359}"
EndProject
Project("{9A19103F-16F7-4668-BE54-9A1E7A4F7556}") = "Abioc", "src\Abioc\Abioc.csproj", "{934CC730-8E23-4EF8-9BC5-3806FF3B490A}"
EndProject
Project("{9A19103F-16F7-4668-BE54-9A1E7A4F7556}") = "Abioc.Tests", "test\Abioc.Tests\Abioc.Tests.csproj", "{EB8049D9-821D-44A1-8D6F-609609A94FE8}"
EndProject
Project("{FAE04EC0-301F-11D3-BF4B-00C04F79EFBC}") = "Abioc.Tests.Internal", "test\Abioc.Tests.Internal\Abioc.Tests.Internal.csproj", "{6121F45D-D6FA-4535-B572-E4CCAC657BE4}"
EndProject
Global
	GlobalSection(SolutionConfigurationPlatforms) = preSolution
		Debug|Any CPU = Debug|Any CPU
		Release|Any CPU = Release|Any CPU
	EndGlobalSection
	GlobalSection(ProjectConfigurationPlatforms) = postSolution
		{934CC730-8E23-4EF8-9BC5-3806FF3B490A}.Debug|Any CPU.ActiveCfg = Debug|Any CPU
		{934CC730-8E23-4EF8-9BC5-3806FF3B490A}.Debug|Any CPU.Build.0 = Debug|Any CPU
		{934CC730-8E23-4EF8-9BC5-3806FF3B490A}.Release|Any CPU.ActiveCfg = Release|Any CPU
		{934CC730-8E23-4EF8-9BC5-3806FF3B490A}.Release|Any CPU.Build.0 = Release|Any CPU
		{EB8049D9-821D-44A1-8D6F-609609A94FE8}.Debug|Any CPU.ActiveCfg = Debug|Any CPU
		{EB8049D9-821D-44A1-8D6F-609609A94FE8}.Debug|Any CPU.Build.0 = Debug|Any CPU
		{EB8049D9-821D-44A1-8D6F-609609A94FE8}.Release|Any CPU.ActiveCfg = Release|Any CPU
		{EB8049D9-821D-44A1-8D6F-609609A94FE8}.Release|Any CPU.Build.0 = Release|Any CPU
		{6121F45D-D6FA-4535-B572-E4CCAC657BE4}.Debug|Any CPU.ActiveCfg = Debug|Any CPU
		{6121F45D-D6FA-4535-B572-E4CCAC657BE4}.Debug|Any CPU.Build.0 = Debug|Any CPU
		{6121F45D-D6FA-4535-B572-E4CCAC657BE4}.Release|Any CPU.ActiveCfg = Release|Any CPU
		{6121F45D-D6FA-4535-B572-E4CCAC657BE4}.Release|Any CPU.Build.0 = Release|Any CPU
	EndGlobalSection
	GlobalSection(SolutionProperties) = preSolution
		HideSolutionNode = FALSE
	EndGlobalSection
	GlobalSection(NestedProjects) = preSolution
		{934CC730-8E23-4EF8-9BC5-3806FF3B490A} = {FC9BAFCA-F5CD-4679-A983-A40C8F028812}
		{EB8049D9-821D-44A1-8D6F-609609A94FE8} = {EC112844-927D-4AE6-95AF-99CB853E8359}
		{6121F45D-D6FA-4535-B572-E4CCAC657BE4} = {EC112844-927D-4AE6-95AF-99CB853E8359}
	EndGlobalSection
	GlobalSection(ExtensibilityGlobals) = postSolution
		SolutionGuid = {D35DB1C0-3A9F-4FF1-AE52-DD86B1240288}
	EndGlobalSection
EndGlobal
